
Microsoft Visual Studio Solution File, Format Version 12.00
# Visual Studio 15
Project("{FAE04EC0-301F-11D3-BF4B-00C04F79EFBC}") = "Assembly-CSharp", "Assembly-CSharp.csproj", "{CF532CDF-9944-6277-8F26-4A22BC8F078A}"
EndProject
Global
	GlobalSection(SolutionConfigurationPlatforms) = preSolution
		Debug|Any CPU = Debug|Any CPU
		Release|Any CPU = Release|Any CPU
	EndGlobalSection
	GlobalSection(ProjectConfigurationPlatforms) = postSolution
		{CF532CDF-9944-6277-8F26-4A22BC8F078A}.Debug|Any CPU.ActiveCfg = Debug|Any CPU
		{CF532CDF-9944-6277-8F26-4A22BC8F078A}.Debug|Any CPU.Build.0 = Debug|Any CPU
		{CF532CDF-9944-6277-8F26-4A22BC8F078A}.Release|Any CPU.ActiveCfg = Release|Any CPU
		{CF532CDF-9944-6277-8F26-4A22BC8F078A}.Release|Any CPU.Build.0 = Release|Any CPU
	EndGlobalSection
	GlobalSection(SolutionProperties) = preSolution
		HideSolutionNode = FALSE
	EndGlobalSection
EndGlobal
